
Microsoft Visual Studio Solution File, Format Version 12.00
# Visual Studio 15
VisualStudioVersion = 15.0.28010.2036
MinimumVisualStudioVersion = 10.0.40219.1
Project("{8BC9CEB8-8B4A-11D0-8D11-00A0C91BC942}") = "Sandbox", "Sandbox\Sandbox.vcxproj", "{BF0C8C48-D61C-4F0B-A3C4-01D070C5CBA9}"
EndProject
Project("{8BC9CEB8-8B4A-11D0-8D11-00A0C91BC942}") = "Hazel", "Hazel\Hazel.vcxproj", "{9CEEF991-3C50-42A4-A312-1B83434146B3}"
EndProject
Global
	GlobalSection(SolutionConfigurationPlatforms) = preSolution
		Debug|x64 = Debug|x64
		Release|x64 = Release|x64
	EndGlobalSection
	GlobalSection(ProjectConfigurationPlatforms) = postSolution
		{9CEEF991-3C50-42A4-A312-1B83434146B3}.Debug|x64.ActiveCfg = Debug|x64
		{9CEEF991-3C50-42A4-A312-1B83434146B3}.Debug|x64.Build.0 = Debug|x64
		{9CEEF991-3C50-42A4-A312-1B83434146B3}.Release|x64.ActiveCfg = Release|x64
		{9CEEF991-3C50-42A4-A312-1B83434146B3}.Release|x64.Build.0 = Release|x64
		{BF0C8C48-D61C-4F0B-A3C4-01D070C5CBA9}.Debug|x64.ActiveCfg = Debug|x64
		{BF0C8C48-D61C-4F0B-A3C4-01D070C5CBA9}.Debug|x64.Build.0 = Debug|x64
		{BF0C8C48-D61C-4F0B-A3C4-01D070C5CBA9}.Release|x64.ActiveCfg = Release|x64
		{BF0C8C48-D61C-4F0B-A3C4-01D070C5CBA9}.Release|x64.Build.0 = Release|x64
	EndGlobalSection
	GlobalSection(SolutionProperties) = preSolution
		HideSolutionNode = FALSE
	EndGlobalSection
	GlobalSection(ExtensibilityGlobals) = postSolution
		SolutionGuid = {58003093-1971-48EC-A03B-602118955DB3}
	EndGlobalSection
EndGlobal
